
Microsoft Visual Studio Solution File, Format Version 12.00
# Visual Studio 2012
Project("{FAE04EC0-301F-11D3-BF4B-00C04F79EFBC}") = "DominionProtocol", "DominionProtocol.csproj", "{79F43973-BA3B-43A3-BCAD-EBC7CE12FEF7}"
EndProject
Project("{2150E333-8FDC-42A3-9474-1A3956D46DE8}") = "Test", "Test", "{0C88DD14-F956-CE84-757C-A364CCF449FC}"
EndProject
Project("{FAE04EC0-301F-11D3-BF4B-00C04F79EFBC}") = "DominionProtocol.Tests", "Test\DominionProtocol.Tests\DominionProtocol.Tests.csproj", "{9A5D4192-676C-4B9A-BC4D-84E0E77345A4}"
EndProject
Global
	GlobalSection(SolutionConfigurationPlatforms) = preSolution
		Debug|Any CPU = Debug|Any CPU
		Debug|x64 = Debug|x64
		Debug|x86 = Debug|x86
		ExportDebug|Any CPU = ExportDebug|Any CPU
		ExportDebug|x64 = ExportDebug|x64
		ExportDebug|x86 = ExportDebug|x86
		ExportRelease|Any CPU = ExportRelease|Any CPU
		ExportRelease|x64 = ExportRelease|x64
		ExportRelease|x86 = ExportRelease|x86
		Release|Any CPU = Release|Any CPU
		Release|x64 = Release|x64
		Release|x86 = Release|x86
	EndGlobalSection
	GlobalSection(ProjectConfigurationPlatforms) = postSolution
		{79F43973-BA3B-43A3-BCAD-EBC7CE12FEF7}.Debug|Any CPU.ActiveCfg = Debug|Any CPU
		{79F43973-BA3B-43A3-BCAD-EBC7CE12FEF7}.Debug|Any CPU.Build.0 = Debug|Any CPU
		{79F43973-BA3B-43A3-BCAD-EBC7CE12FEF7}.Debug|x64.ActiveCfg = Debug|Any CPU
		{79F43973-BA3B-43A3-BCAD-EBC7CE12FEF7}.Debug|x64.Build.0 = Debug|Any CPU
		{79F43973-BA3B-43A3-BCAD-EBC7CE12FEF7}.Debug|x86.ActiveCfg = Debug|Any CPU
		{79F43973-BA3B-43A3-BCAD-EBC7CE12FEF7}.Debug|x86.Build.0 = Debug|Any CPU
		{79F43973-BA3B-43A3-BCAD-EBC7CE12FEF7}.ExportDebug|Any CPU.ActiveCfg = ExportDebug|Any CPU
		{79F43973-BA3B-43A3-BCAD-EBC7CE12FEF7}.ExportDebug|Any CPU.Build.0 = ExportDebug|Any CPU
		{79F43973-BA3B-43A3-BCAD-EBC7CE12FEF7}.ExportDebug|x64.ActiveCfg = ExportDebug|Any CPU
		{79F43973-BA3B-43A3-BCAD-EBC7CE12FEF7}.ExportDebug|x64.Build.0 = ExportDebug|Any CPU
		{79F43973-BA3B-43A3-BCAD-EBC7CE12FEF7}.ExportDebug|x86.ActiveCfg = ExportDebug|Any CPU
		{79F43973-BA3B-43A3-BCAD-EBC7CE12FEF7}.ExportDebug|x86.Build.0 = ExportDebug|Any CPU
		{79F43973-BA3B-43A3-BCAD-EBC7CE12FEF7}.ExportRelease|Any CPU.ActiveCfg = ExportRelease|Any CPU
		{79F43973-BA3B-43A3-BCAD-EBC7CE12FEF7}.ExportRelease|Any CPU.Build.0 = ExportRelease|Any CPU
		{79F43973-BA3B-43A3-BCAD-EBC7CE12FEF7}.ExportRelease|x64.ActiveCfg = ExportRelease|Any CPU
		{79F43973-BA3B-43A3-BCAD-EBC7CE12FEF7}.ExportRelease|x64.Build.0 = ExportRelease|Any CPU
		{79F43973-BA3B-43A3-BCAD-EBC7CE12FEF7}.ExportRelease|x86.ActiveCfg = ExportRelease|Any CPU
		{79F43973-BA3B-43A3-BCAD-EBC7CE12FEF7}.ExportRelease|x86.Build.0 = ExportRelease|Any CPU
		{79F43973-BA3B-43A3-BCAD-EBC7CE12FEF7}.Release|Any CPU.ActiveCfg = Release|Any CPU
		{79F43973-BA3B-43A3-BCAD-EBC7CE12FEF7}.Release|Any CPU.Build.0 = Release|Any CPU
		{79F43973-BA3B-43A3-BCAD-EBC7CE12FEF7}.Release|x64.ActiveCfg = Release|Any CPU
		{79F43973-BA3B-43A3-BCAD-EBC7CE12FEF7}.Release|x64.Build.0 = Release|Any CPU
		{79F43973-BA3B-43A3-BCAD-EBC7CE12FEF7}.Release|x86.ActiveCfg = Release|Any CPU
		{79F43973-BA3B-43A3-BCAD-EBC7CE12FEF7}.Release|x86.Build.0 = Release|Any CPU
		{9A5D4192-676C-4B9A-BC4D-84E0E77345A4}.Debug|Any CPU.ActiveCfg = Debug|Any CPU
		{9A5D4192-676C-4B9A-BC4D-84E0E77345A4}.Debug|Any CPU.Build.0 = Debug|Any CPU
		{9A5D4192-676C-4B9A-BC4D-84E0E77345A4}.Debug|x64.ActiveCfg = Debug|Any CPU
		{9A5D4192-676C-4B9A-BC4D-84E0E77345A4}.Debug|x64.Build.0 = Debug|Any CPU
		{9A5D4192-676C-4B9A-BC4D-84E0E77345A4}.Debug|x86.ActiveCfg = Debug|Any CPU
		{9A5D4192-676C-4B9A-BC4D-84E0E77345A4}.Debug|x86.Build.0 = Debug|Any CPU
		{9A5D4192-676C-4B9A-BC4D-84E0E77345A4}.ExportDebug|Any CPU.ActiveCfg = Debug|Any CPU
		{9A5D4192-676C-4B9A-BC4D-84E0E77345A4}.ExportDebug|Any CPU.Build.0 = Debug|Any CPU
		{9A5D4192-676C-4B9A-BC4D-84E0E77345A4}.ExportDebug|x64.ActiveCfg = Debug|Any CPU
		{9A5D4192-676C-4B9A-BC4D-84E0E77345A4}.ExportDebug|x64.Build.0 = Debug|Any CPU
		{9A5D4192-676C-4B9A-BC4D-84E0E77345A4}.ExportDebug|x86.ActiveCfg = Debug|Any CPU
		{9A5D4192-676C-4B9A-BC4D-84E0E77345A4}.ExportDebug|x86.Build.0 = Debug|Any CPU
		{9A5D4192-676C-4B9A-BC4D-84E0E77345A4}.ExportRelease|Any CPU.ActiveCfg = Debug|Any CPU
		{9A5D4192-676C-4B9A-BC4D-84E0E77345A4}.ExportRelease|Any CPU.Build.0 = Debug|Any CPU
		{9A5D4192-676C-4B9A-BC4D-84E0E77345A4}.ExportRelease|x64.ActiveCfg = Debug|Any CPU
		{9A5D4192-676C-4B9A-BC4D-84E0E77345A4}.ExportRelease|x64.Build.0 = Debug|Any CPU
		{9A5D4192-676C-4B9A-BC4D-84E0E77345A4}.ExportRelease|x86.ActiveCfg = Debug|Any CPU
		{9A5D4192-676C-4B9A-BC4D-84E0E77345A4}.ExportRelease|x86.Build.0 = Debug|Any CPU
		{9A5D4192-676C-4B9A-BC4D-84E0E77345A4}.Release|Any CPU.ActiveCfg = Release|Any CPU
		{9A5D4192-676C-4B9A-BC4D-84E0E77345A4}.Release|Any CPU.Build.0 = Release|Any CPU
		{9A5D4192-676C-4B9A-BC4D-84E0E77345A4}.Release|x64.ActiveCfg = Release|Any CPU
		{9A5D4192-676C-4B9A-BC4D-84E0E77345A4}.Release|x64.Build.0 = Release|Any CPU
		{9A5D4192-676C-4B9A-BC4D-84E0E77345A4}.Release|x86.ActiveCfg = Release|Any CPU
		{9A5D4192-676C-4B9A-BC4D-84E0E77345A4}.Release|x86.Build.0 = Release|Any CPU
	EndGlobalSection
	GlobalSection(SolutionProperties) = preSolution
		HideSolutionNode = FALSE
	EndGlobalSection
	GlobalSection(NestedProjects) = preSolution
		{9A5D4192-676C-4B9A-BC4D-84E0E77345A4} = {0C88DD14-F956-CE84-757C-A364CCF449FC}
	EndGlobalSection
EndGlobal
